
Microsoft Visual Studio Solution File, Format Version 12.00
# Visual Studio Version 17
VisualStudioVersion = 17.1.32407.343
MinimumVisualStudioVersion = 10.0.40219.1
Project("{9A19103F-16F7-4668-BE54-9A1E7A4F7556}") = "Griesoft.OrchardCore.ReCaptcha", "src\Griesoft.OrchardCore.ReCaptcha.csproj", "{7DED49A4-C9DA-4621-AF23-D1FD33E5A03F}"
EndProject
Project("{2150E333-8FDC-42A3-9474-1A3956D46DE8}") = "Solution Items", "Solution Items", "{32D82C81-70A8-4CED-B00D-4208D197C2CF}"
	ProjectSection(SolutionItems) = preProject
		.github\FUNDING.yml = .github\FUNDING.yml
		nuge.config = nuge.config
		README.md = README.md
	EndProjectSection
EndProject
Project("{FAE04EC0-301F-11D3-BF4B-00C04F79EFBC}") = "Griesoft.OrchardCore.ReCaptcha.Tests", "tests\Griesoft.OrchardCore.ReCaptcha.Tests.csproj", "{972C7B7D-0666-4B18-A901-AEFEE8D0CB98}"
EndProject
Global
	GlobalSection(SolutionConfigurationPlatforms) = preSolution
		Debug|Any CPU = Debug|Any CPU
		Release|Any CPU = Release|Any CPU
	EndGlobalSection
	GlobalSection(ProjectConfigurationPlatforms) = postSolution
		{7DED49A4-C9DA-4621-AF23-D1FD33E5A03F}.Debug|Any CPU.ActiveCfg = Debug|Any CPU
		{7DED49A4-C9DA-4621-AF23-D1FD33E5A03F}.Debug|Any CPU.Build.0 = Debug|Any CPU
		{7DED49A4-C9DA-4621-AF23-D1FD33E5A03F}.Release|Any CPU.ActiveCfg = Release|Any CPU
		{7DED49A4-C9DA-4621-AF23-D1FD33E5A03F}.Release|Any CPU.Build.0 = Release|Any CPU
		{972C7B7D-0666-4B18-A901-AEFEE8D0CB98}.Debug|Any CPU.ActiveCfg = Debug|Any CPU
		{972C7B7D-0666-4B18-A901-AEFEE8D0CB98}.Debug|Any CPU.Build.0 = Debug|Any CPU
		{972C7B7D-0666-4B18-A901-AEFEE8D0CB98}.Release|Any CPU.ActiveCfg = Release|Any CPU
		{972C7B7D-0666-4B18-A901-AEFEE8D0CB98}.Release|Any CPU.Build.0 = Release|Any CPU
	EndGlobalSection
	GlobalSection(SolutionProperties) = preSolution
		HideSolutionNode = FALSE
	EndGlobalSection
	GlobalSection(ExtensibilityGlobals) = postSolution
		SolutionGuid = {4210318D-A626-46F5-805B-977731FB4843}
	EndGlobalSection
EndGlobal
